
Microsoft Visual Studio Solution File, Format Version 12.00
# Visual Studio 15
VisualStudioVersion = 15.0.28010.0
MinimumVisualStudioVersion = 10.0.40219.1
Project("{FAE04EC0-301F-11D3-BF4B-00C04F79EFBC}") = "Miner", "Miner.csproj", "{EA88576D-D47B-4FAD-9764-3E4C691BB394}"
EndProject
Global
	GlobalSection(SolutionConfigurationPlatforms) = preSolution
		Debug|Any CPU = Debug|Any CPU
		Release|Any CPU = Release|Any CPU
	EndGlobalSection
	GlobalSection(ProjectConfigurationPlatforms) = postSolution
		{EA88576D-D47B-4FAD-9764-3E4C691BB394}.Debug|Any CPU.ActiveCfg = Debug|Any CPU
		{EA88576D-D47B-4FAD-9764-3E4C691BB394}.Debug|Any CPU.Build.0 = Debug|Any CPU
		{EA88576D-D47B-4FAD-9764-3E4C691BB394}.Release|Any CPU.ActiveCfg = Release|Any CPU
		{EA88576D-D47B-4FAD-9764-3E4C691BB394}.Release|Any CPU.Build.0 = Release|Any CPU
	EndGlobalSection
	GlobalSection(SolutionProperties) = preSolution
		HideSolutionNode = FALSE
	EndGlobalSection
	GlobalSection(ExtensibilityGlobals) = postSolution
		SolutionGuid = {95015998-BEDE-4A4B-82C5-6EC77FD980D2}
	EndGlobalSection
EndGlobal
